// !$*UTF8*$!
{
	archiveVersion = 1;
	classes = {
	};
	objectVersion = 46;
	objects = {

/* Begin PBXBuildFile section */
		9127886E1752C67000D3C050 /* asdecoeur.jpeg in Resources */ = {isa = PBXBuildFile; fileRef = 9127886D1752C67000D3C050 /* asdecoeur.jpeg */; };
		914D0C0C1746A6190070030B /* Stack.m in Sources */ = {isa = PBXBuildFile; fileRef = 914D0C0B1746A6190070030B /* Stack.m */; };
		91775F6D17523C7A0051293B /* Card.m in Sources */ = {isa = PBXBuildFile; fileRef = 91775F6C17523C7A0051293B /* Card.m */; };
		91775F711752BC0E0051293B /* 100px-Card_back.png in Resources */ = {isa = PBXBuildFile; fileRef = 91775F701752BC0E0051293B /* 100px-Card_back.png */; };
		91775F731752C2120051293B /* grey-card.png in Resources */ = {isa = PBXBuildFile; fileRef = 91775F721752C2120051293B /* grey-card.png */; };
		91FD73861757ECDB00EC7A82 /* 1.png in Resources */ = {isa = PBXBuildFile; fileRef = 91FD73521757ECDB00EC7A82 /* 1.png */; };
		91FD73871757ECDB00EC7A82 /* 10.png in Resources */ = {isa = PBXBuildFile; fileRef = 91FD73531757ECDB00EC7A82 /* 10.png */; };
		91FD73881757ECDB00EC7A82 /* 11.png in Resources */ = {isa = PBXBuildFile; fileRef = 91FD73541757ECDB00EC7A82 /* 11.png */; };
		91FD73891757ECDB00EC7A82 /* 12.png in Resources */ = {isa = PBXBuildFile; fileRef = 91FD73551757ECDB00EC7A82 /* 12.png */; };
		91FD738A1757ECDB00EC7A82 /* 13.png in Resources */ = {isa = PBXBuildFile; fileRef = 91FD73561757ECDB00EC7A82 /* 13.png */; };
		91FD738B1757ECDB00EC7A82 /* 14.png in Resources */ = {isa = PBXBuildFile; fileRef = 91FD73571757ECDB00EC7A82 /* 14.png */; };
		91FD738C1757ECDB00EC7A82 /* 15.png in Resources */ = {isa = PBXBuildFile; fileRef = 91FD73581757ECDB00EC7A82 /* 15.png */; };
		91FD738D1757ECDB00EC7A82 /* 16.png in Resources */ = {isa = PBXBuildFile; fileRef = 91FD73591757ECDB00EC7A82 /* 16.png */; };
		91FD738E1757ECDB00EC7A82 /* 17.png in Resources */ = {isa = PBXBuildFile; fileRef = 91FD735A1757ECDB00EC7A82 /* 17.png */; };
		91FD738F1757ECDB00EC7A82 /* 18.png in Resources */ = {isa = PBXBuildFile; fileRef = 91FD735B1757ECDB00EC7A82 /* 18.png */; };
		91FD73901757ECDB00EC7A82 /* 19.png in Resources */ = {isa = PBXBuildFile; fileRef = 91FD735C1757ECDB00EC7A82 /* 19.png */; };
		91FD73911757ECDB00EC7A82 /* 2.png in Resources */ = {isa = PBXBuildFile; fileRef = 91FD735D1757ECDB00EC7A82 /* 2.png */; };
		91FD73921757ECDB00EC7A82 /* 20.png in Resources */ = {isa = PBXBuildFile; fileRef = 91FD735E1757ECDB00EC7A82 /* 20.png */; };
		91FD73931757ECDB00EC7A82 /* 21.png in Resources */ = {isa = PBXBuildFile; fileRef = 91FD735F1757ECDB00EC7A82 /* 21.png */; };
		91FD73941757ECDB00EC7A82 /* 22.png in Resources */ = {isa = PBXBuildFile; fileRef = 91FD73601757ECDB00EC7A82 /* 22.png */; };
		91FD73951757ECDB00EC7A82 /* 23.png in Resources */ = {isa = PBXBuildFile; fileRef = 91FD73611757ECDB00EC7A82 /* 23.png */; };
		91FD73961757ECDB00EC7A82 /* 24.png in Resources */ = {isa = PBXBuildFile; fileRef = 91FD73621757ECDB00EC7A82 /* 24.png */; };
		91FD73971757ECDB00EC7A82 /* 25.png in Resources */ = {isa = PBXBuildFile; fileRef = 91FD73631757ECDB00EC7A82 /* 25.png */; };
		91FD73981757ECDB00EC7A82 /* 26.png in Resources */ = {isa = PBXBuildFile; fileRef = 91FD73641757ECDB00EC7A82 /* 26.png */; };
		91FD73991757ECDB00EC7A82 /* 27.png in Resources */ = {isa = PBXBuildFile; fileRef = 91FD73651757ECDB00EC7A82 /* 27.png */; };
		91FD739A1757ECDB00EC7A82 /* 28.png in Resources */ = {isa = PBXBuildFile; fileRef = 91FD73661757ECDB00EC7A82 /* 28.png */; };
		91FD739B1757ECDB00EC7A82 /* 29.png in Resources */ = {isa = PBXBuildFile; fileRef = 91FD73671757ECDB00EC7A82 /* 29.png */; };
		91FD739C1757ECDB00EC7A82 /* 3.png in Resources */ = {isa = PBXBuildFile; fileRef = 91FD73681757ECDB00EC7A82 /* 3.png */; };
		91FD739D1757ECDB00EC7A82 /* 30.png in Resources */ = {isa = PBXBuildFile; fileRef = 91FD73691757ECDB00EC7A82 /* 30.png */; };
		91FD739E1757ECDB00EC7A82 /* 31.png in Resources */ = {isa = PBXBuildFile; fileRef = 91FD736A1757ECDB00EC7A82 /* 31.png */; };
		91FD739F1757ECDB00EC7A82 /* 32.png in Resources */ = {isa = PBXBuildFile; fileRef = 91FD736B1757ECDB00EC7A82 /* 32.png */; };
		91FD73A01757ECDB00EC7A82 /* 33.png in Resources */ = {isa = PBXBuildFile; fileRef = 91FD736C1757ECDB00EC7A82 /* 33.png */; };
		91FD73A11757ECDB00EC7A82 /* 34.png in Resources */ = {isa = PBXBuildFile; fileRef = 91FD736D1757ECDB00EC7A82 /* 34.png */; };
		91FD73A21757ECDB00EC7A82 /* 35.png in Resources */ = {isa = PBXBuildFile; fileRef = 91FD736E1757ECDB00EC7A82 /* 35.png */; };
		91FD73A31757ECDB00EC7A82 /* 36.png in Resources */ = {isa = PBXBuildFile; fileRef = 91FD736F1757ECDB00EC7A82 /* 36.png */; };
		91FD73A41757ECDB00EC7A82 /* 37.png in Resources */ = {isa = PBXBuildFile; fileRef = 91FD73701757ECDB00EC7A82 /* 37.png */; };
		91FD73A51757ECDB00EC7A82 /* 38.png in Resources */ = {isa = PBXBuildFile; fileRef = 91FD73711757ECDB00EC7A82 /* 38.png */; };
		91FD73A61757ECDB00EC7A82 /* 39.png in Resources */ = {isa = PBXBuildFile; fileRef = 91FD73721757ECDB00EC7A82 /* 39.png */; };
		91FD73A71757ECDB00EC7A82 /* 4.png in Resources */ = {isa = PBXBuildFile; fileRef = 91FD73731757ECDB00EC7A82 /* 4.png */; };
		91FD73A81757ECDB00EC7A82 /* 40.png in Resources */ = {isa = PBXBuildFile; fileRef = 91FD73741757ECDB00EC7A82 /* 40.png */; };
		91FD73A91757ECDB00EC7A82 /* 41.png in Resources */ = {isa = PBXBuildFile; fileRef = 91FD73751757ECDB00EC7A82 /* 41.png */; };
		91FD73AA1757ECDB00EC7A82 /* 42.png in Resources */ = {isa = PBXBuildFile; fileRef = 91FD73761757ECDB00EC7A82 /* 42.png */; };
		91FD73AB1757ECDB00EC7A82 /* 43.png in Resources */ = {isa = PBXBuildFile; fileRef = 91FD73771757ECDB00EC7A82 /* 43.png */; };
		91FD73AC1757ECDB00EC7A82 /* 44.png in Resources */ = {isa = PBXBuildFile; fileRef = 91FD73781757ECDB00EC7A82 /* 44.png */; };
		91FD73AD1757ECDB00EC7A82 /* 45.png in Resources */ = {isa = PBXBuildFile; fileRef = 91FD73791757ECDB00EC7A82 /* 45.png */; };
		91FD73AE1757ECDB00EC7A82 /* 46.png in Resources */ = {isa = PBXBuildFile; fileRef = 91FD737A1757ECDB00EC7A82 /* 46.png */; };
		91FD73AF1757ECDB00EC7A82 /* 47.png in Resources */ = {isa = PBXBuildFile; fileRef = 91FD737B1757ECDB00EC7A82 /* 47.png */; };
		91FD73B01757ECDB00EC7A82 /* 48.png in Resources */ = {isa = PBXBuildFile; fileRef = 91FD737C1757ECDB00EC7A82 /* 48.png */; };
		91FD73B11757ECDB00EC7A82 /* 49.png in Resources */ = {isa = PBXBuildFile; fileRef = 91FD737D1757ECDB00EC7A82 /* 49.png */; };
		91FD73B21757ECDB00EC7A82 /* 5.png in Resources */ = {isa = PBXBuildFile; fileRef = 91FD737E1757ECDB00EC7A82 /* 5.png */; };
		91FD73B31757ECDB00EC7A82 /* 50.png in Resources */ = {isa = PBXBuildFile; fileRef = 91FD737F1757ECDB00EC7A82 /* 50.png */; };
		91FD73B41757ECDB00EC7A82 /* 51.png in Resources */ = {isa = PBXBuildFile; fileRef = 91FD73801757ECDB00EC7A82 /* 51.png */; };
		91FD73B51757ECDB00EC7A82 /* 52.png in Resources */ = {isa = PBXBuildFile; fileRef = 91FD73811757ECDB00EC7A82 /* 52.png */; };
		91FD73B61757ECDB00EC7A82 /* 6.png in Resources */ = {isa = PBXBuildFile; fileRef = 91FD73821757ECDB00EC7A82 /* 6.png */; };
		91FD73B71757ECDB00EC7A82 /* 7.png in Resources */ = {isa = PBXBuildFile; fileRef = 91FD73831757ECDB00EC7A82 /* 7.png */; };
		91FD73B81757ECDB00EC7A82 /* 8.png in Resources */ = {isa = PBXBuildFile; fileRef = 91FD73841757ECDB00EC7A82 /* 8.png */; };
		91FD73B91757ECDB00EC7A82 /* 9.png in Resources */ = {isa = PBXBuildFile; fileRef = 91FD73851757ECDB00EC7A82 /* 9.png */; };
		91FF72DA173C4193005D81B4 /* UIKit.framework in Frameworks */ = {isa = PBXBuildFile; fileRef = 91FF72D9173C4193005D81B4 /* UIKit.framework */; };
		91FF72DC173C4193005D81B4 /* Foundation.framework in Frameworks */ = {isa = PBXBuildFile; fileRef = 91FF72DB173C4193005D81B4 /* Foundation.framework */; };
		91FF72DE173C4193005D81B4 /* CoreGraphics.framework in Frameworks */ = {isa = PBXBuildFile; fileRef = 91FF72DD173C4193005D81B4 /* CoreGraphics.framework */; };
		91FF72E4173C4193005D81B4 /* InfoPlist.strings in Resources */ = {isa = PBXBuildFile; fileRef = 91FF72E2173C4193005D81B4 /* InfoPlist.strings */; };
		91FF72E6173C4193005D81B4 /* main.m in Sources */ = {isa = PBXBuildFile; fileRef = 91FF72E5173C4193005D81B4 /* main.m */; };
		91FF72EA173C4193005D81B4 /* AppDelegate.m in Sources */ = {isa = PBXBuildFile; fileRef = 91FF72E9173C4193005D81B4 /* AppDelegate.m */; };
		91FF72EC173C4193005D81B4 /* Default.png in Resources */ = {isa = PBXBuildFile; fileRef = 91FF72EB173C4193005D81B4 /* Default.png */; };
		91FF72EE173C4193005D81B4 /* Default@2x.png in Resources */ = {isa = PBXBuildFile; fileRef = 91FF72ED173C4193005D81B4 /* Default@2x.png */; };
		91FF72F0173C4193005D81B4 /* Default-568h@2x.png in Resources */ = {isa = PBXBuildFile; fileRef = 91FF72EF173C4193005D81B4 /* Default-568h@2x.png */; };
		91FF72F3173C4193005D81B4 /* MainStoryboard.storyboard in Resources */ = {isa = PBXBuildFile; fileRef = 91FF72F1173C4193005D81B4 /* MainStoryboard.storyboard */; };
		91FF72F6173C4193005D81B4 /* ViewController.m in Sources */ = {isa = PBXBuildFile; fileRef = 91FF72F5173C4193005D81B4 /* ViewController.m */; };
		91FF72FE173C4193005D81B4 /* SenTestingKit.framework in Frameworks */ = {isa = PBXBuildFile; fileRef = 91FF72FD173C4193005D81B4 /* SenTestingKit.framework */; };
		91FF72FF173C4193005D81B4 /* UIKit.framework in Frameworks */ = {isa = PBXBuildFile; fileRef = 91FF72D9173C4193005D81B4 /* UIKit.framework */; };
		91FF7300173C4193005D81B4 /* Foundation.framework in Frameworks */ = {isa = PBXBuildFile; fileRef = 91FF72DB173C4193005D81B4 /* Foundation.framework */; };
		91FF7308173C4193005D81B4 /* InfoPlist.strings in Resources */ = {isa = PBXBuildFile; fileRef = 91FF7306173C4193005D81B4 /* InfoPlist.strings */; };
		91FF730B173C4193005D81B4 /* Mexican_TarotTests.m in Sources */ = {isa = PBXBuildFile; fileRef = 91FF730A173C4193005D81B4 /* Mexican_TarotTests.m */; };
/* End PBXBuildFile section */

/* Begin PBXContainerItemProxy section */
		91FF7301173C4193005D81B4 /* PBXContainerItemProxy */ = {
			isa = PBXContainerItemProxy;
			containerPortal = 91FF72CC173C4193005D81B4 /* Project object */;
			proxyType = 1;
			remoteGlobalIDString = 91FF72D4173C4193005D81B4;
			remoteInfo = "Mexican-Tarot";
		};
/* End PBXContainerItemProxy section */

/* Begin PBXFileReference section */
		9127886D1752C67000D3C050 /* asdecoeur.jpeg */ = {isa = PBXFileReference; lastKnownFileType = image.jpeg; path = asdecoeur.jpeg; sourceTree = "<group>"; };
		914D0C0A1746A6190070030B /* Stack.h */ = {isa = PBXFileReference; fileEncoding = 4; lastKnownFileType = sourcecode.c.h; path = Stack.h; sourceTree = "<group>"; };
		914D0C0B1746A6190070030B /* Stack.m */ = {isa = PBXFileReference; fileEncoding = 4; lastKnownFileType = sourcecode.c.objc; path = Stack.m; sourceTree = "<group>"; };
		91775F6B17523C7A0051293B /* Card.h */ = {isa = PBXFileReference; fileEncoding = 4; lastKnownFileType = sourcecode.c.h; path = Card.h; sourceTree = "<group>"; };
		91775F6C17523C7A0051293B /* Card.m */ = {isa = PBXFileReference; fileEncoding = 4; lastKnownFileType = sourcecode.c.objc; path = Card.m; sourceTree = "<group>"; };
		91775F701752BC0E0051293B /* 100px-Card_back.png */ = {isa = PBXFileReference; lastKnownFileType = image.png; path = "100px-Card_back.png"; sourceTree = "<group>"; };
		91775F721752C2120051293B /* grey-card.png */ = {isa = PBXFileReference; lastKnownFileType = image.png; path = "grey-card.png"; sourceTree = "<group>"; };
		91FD73521757ECDB00EC7A82 /* 1.png */ = {isa = PBXFileReference; lastKnownFileType = image.png; path = 1.png; sourceTree = "<group>"; };
		91FD73531757ECDB00EC7A82 /* 10.png */ = {isa = PBXFileReference; lastKnownFileType = image.png; path = 10.png; sourceTree = "<group>"; };
		91FD73541757ECDB00EC7A82 /* 11.png */ = {isa = PBXFileReference; lastKnownFileType = image.png; path = 11.png; sourceTree = "<group>"; };
		91FD73551757ECDB00EC7A82 /* 12.png */ = {isa = PBXFileReference; lastKnownFileType = image.png; path = 12.png; sourceTree = "<group>"; };
		91FD73561757ECDB00EC7A82 /* 13.png */ = {isa = PBXFileReference; lastKnownFileType = image.png; path = 13.png; sourceTree = "<group>"; };
		91FD73571757ECDB00EC7A82 /* 14.png */ = {isa = PBXFileReference; lastKnownFileType = image.png; path = 14.png; sourceTree = "<group>"; };
		91FD73581757ECDB00EC7A82 /* 15.png */ = {isa = PBXFileReference; lastKnownFileType = image.png; path = 15.png; sourceTree = "<group>"; };
		91FD73591757ECDB00EC7A82 /* 16.png */ = {isa = PBXFileReference; lastKnownFileType = image.png; path = 16.png; sourceTree = "<group>"; };
		91FD735A1757ECDB00EC7A82 /* 17.png */ = {isa = PBXFileReference; lastKnownFileType = image.png; path = 17.png; sourceTree = "<group>"; };
		91FD735B1757ECDB00EC7A82 /* 18.png */ = {isa = PBXFileReference; lastKnownFileType = image.png; path = 18.png; sourceTree = "<group>"; };
		91FD735C1757ECDB00EC7A82 /* 19.png */ = {isa = PBXFileReference; lastKnownFileType = image.png; path = 19.png; sourceTree = "<group>"; };
		91FD735D1757ECDB00EC7A82 /* 2.png */ = {isa = PBXFileReference; lastKnownFileType = image.png; path = 2.png; sourceTree = "<group>"; };
		91FD735E1757ECDB00EC7A82 /* 20.png */ = {isa = PBXFileReference; lastKnownFileType = image.png; path = 20.png; sourceTree = "<group>"; };
		91FD735F1757ECDB00EC7A82 /* 21.png */ = {isa = PBXFileReference; lastKnownFileType = image.png; path = 21.png; sourceTree = "<group>"; };
		91FD73601757ECDB00EC7A82 /* 22.png */ = {isa = PBXFileReference; lastKnownFileType = image.png; path = 22.png; sourceTree = "<group>"; };
		91FD73611757ECDB00EC7A82 /* 23.png */ = {isa = PBXFileReference; lastKnownFileType = image.png; path = 23.png; sourceTree = "<group>"; };
		91FD73621757ECDB00EC7A82 /* 24.png */ = {isa = PBXFileReference; lastKnownFileType = image.png; path = 24.png; sourceTree = "<group>"; };
		91FD73631757ECDB00EC7A82 /* 25.png */ = {isa = PBXFileReference; lastKnownFileType = image.png; path = 25.png; sourceTree = "<group>"; };
		91FD73641757ECDB00EC7A82 /* 26.png */ = {isa = PBXFileReference; lastKnownFileType = image.png; path = 26.png; sourceTree = "<group>"; };
		91FD73651757ECDB00EC7A82 /* 27.png */ = {isa = PBXFileReference; lastKnownFileType = image.png; path = 27.png; sourceTree = "<group>"; };
		91FD73661757ECDB00EC7A82 /* 28.png */ = {isa = PBXFileReference; lastKnownFileType = image.png; path = 28.png; sourceTree = "<group>"; };
		91FD73671757ECDB00EC7A82 /* 29.png */ = {isa = PBXFileReference; lastKnownFileType = image.png; path = 29.png; sourceTree = "<group>"; };
		91FD73681757ECDB00EC7A82 /* 3.png */ = {isa = PBXFileReference; lastKnownFileType = image.png; path = 3.png; sourceTree = "<group>"; };
		91FD73691757ECDB00EC7A82 /* 30.png */ = {isa = PBXFileReference; lastKnownFileType = image.png; path = 30.png; sourceTree = "<group>"; };
		91FD736A1757ECDB00EC7A82 /* 31.png */ = {isa = PBXFileReference; lastKnownFileType = image.png; path = 31.png; sourceTree = "<group>"; };
		91FD736B1757ECDB00EC7A82 /* 32.png */ = {isa = PBXFileReference; lastKnownFileType = image.png; path = 32.png; sourceTree = "<group>"; };
		91FD736C1757ECDB00EC7A82 /* 33.png */ = {isa = PBXFileReference; lastKnownFileType = image.png; path = 33.png; sourceTree = "<group>"; };
		91FD736D1757ECDB00EC7A82 /* 34.png */ = {isa = PBXFileReference; lastKnownFileType = image.png; path = 34.png; sourceTree = "<group>"; };
		91FD736E1757ECDB00EC7A82 /* 35.png */ = {isa = PBXFileReference; lastKnownFileType = image.png; path = 35.png; sourceTree = "<group>"; };
		91FD736F1757ECDB00EC7A82 /* 36.png */ = {isa = PBXFileReference; lastKnownFileType = image.png; path = 36.png; sourceTree = "<group>"; };
		91FD73701757ECDB00EC7A82 /* 37.png */ = {isa = PBXFileReference; lastKnownFileType = image.png; path = 37.png; sourceTree = "<group>"; };
		91FD73711757ECDB00EC7A82 /* 38.png */ = {isa = PBXFileReference; lastKnownFileType = image.png; path = 38.png; sourceTree = "<group>"; };
		91FD73721757ECDB00EC7A82 /* 39.png */ = {isa = PBXFileReference; lastKnownFileType = image.png; path = 39.png; sourceTree = "<group>"; };
		91FD73731757ECDB00EC7A82 /* 4.png */ = {isa = PBXFileReference; lastKnownFileType = image.png; path = 4.png; sourceTree = "<group>"; };
		91FD73741757ECDB00EC7A82 /* 40.png */ = {isa = PBXFileReference; lastKnownFileType = image.png; path = 40.png; sourceTree = "<group>"; };
		91FD73751757ECDB00EC7A82 /* 41.png */ = {isa = PBXFileReference; lastKnownFileType = image.png; path = 41.png; sourceTree = "<group>"; };
		91FD73761757ECDB00EC7A82 /* 42.png */ = {isa = PBXFileReference; lastKnownFileType = image.png; path = 42.png; sourceTree = "<group>"; };
		91FD73771757ECDB00EC7A82 /* 43.png */ = {isa = PBXFileReference; lastKnownFileType = image.png; path = 43.png; sourceTree = "<group>"; };
		91FD73781757ECDB00EC7A82 /* 44.png */ = {isa = PBXFileReference; lastKnownFileType = image.png; path = 44.png; sourceTree = "<group>"; };
		91FD73791757ECDB00EC7A82 /* 45.png */ = {isa = PBXFileReference; lastKnownFileType = image.png; path = 45.png; sourceTree = "<group>"; };
		91FD737A1757ECDB00EC7A82 /* 46.png */ = {isa = PBXFileReference; lastKnownFileType = image.png; path = 46.png; sourceTree = "<group>"; };
		91FD737B1757ECDB00EC7A82 /* 47.png */ = {isa = PBXFileReference; lastKnownFileType = image.png; path = 47.png; sourceTree = "<group>"; };
		91FD737C1757ECDB00EC7A82 /* 48.png */ = {isa = PBXFileReference; lastKnownFileType = image.png; path = 48.png; sourceTree = "<group>"; };
		91FD737D1757ECDB00EC7A82 /* 49.png */ = {isa = PBXFileReference; lastKnownFileType = image.png; path = 49.png; sourceTree = "<group>"; };
		91FD737E1757ECDB00EC7A82 /* 5.png */ = {isa = PBXFileReference; lastKnownFileType = image.png; path = 5.png; sourceTree = "<group>"; };
		91FD737F1757ECDB00EC7A82 /* 50.png */ = {isa = PBXFileReference; lastKnownFileType = image.png; path = 50.png; sourceTree = "<group>"; };
		91FD73801757ECDB00EC7A82 /* 51.png */ = {isa = PBXFileReference; lastKnownFileType = image.png; path = 51.png; sourceTree = "<group>"; };
		91FD73811757ECDB00EC7A82 /* 52.png */ = {isa = PBXFileReference; lastKnownFileType = image.png; path = 52.png; sourceTree = "<group>"; };
		91FD73821757ECDB00EC7A82 /* 6.png */ = {isa = PBXFileReference; lastKnownFileType = image.png; path = 6.png; sourceTree = "<group>"; };
		91FD73831757ECDB00EC7A82 /* 7.png */ = {isa = PBXFileReference; lastKnownFileType = image.png; path = 7.png; sourceTree = "<group>"; };
		91FD73841757ECDB00EC7A82 /* 8.png */ = {isa = PBXFileReference; lastKnownFileType = image.png; path = 8.png; sourceTree = "<group>"; };
		91FD73851757ECDB00EC7A82 /* 9.png */ = {isa = PBXFileReference; lastKnownFileType = image.png; path = 9.png; sourceTree = "<group>"; };
		91FF72D5173C4193005D81B4 /* Mexican-Tarot.app */ = {isa = PBXFileReference; explicitFileType = wrapper.application; includeInIndex = 0; path = "Mexican-Tarot.app"; sourceTree = BUILT_PRODUCTS_DIR; };
		91FF72D9173C4193005D81B4 /* UIKit.framework */ = {isa = PBXFileReference; lastKnownFileType = wrapper.framework; name = UIKit.framework; path = System/Library/Frameworks/UIKit.framework; sourceTree = SDKROOT; };
		91FF72DB173C4193005D81B4 /* Foundation.framework */ = {isa = PBXFileReference; lastKnownFileType = wrapper.framework; name = Foundation.framework; path = System/Library/Frameworks/Foundation.framework; sourceTree = SDKROOT; };
		91FF72DD173C4193005D81B4 /* CoreGraphics.framework */ = {isa = PBXFileReference; lastKnownFileType = wrapper.framework; name = CoreGraphics.framework; path = System/Library/Frameworks/CoreGraphics.framework; sourceTree = SDKROOT; };
		91FF72E1173C4193005D81B4 /* Mexican-Tarot-Info.plist */ = {isa = PBXFileReference; lastKnownFileType = text.plist.xml; path = "Mexican-Tarot-Info.plist"; sourceTree = "<group>"; };
		91FF72E3173C4193005D81B4 /* en */ = {isa = PBXFileReference; lastKnownFileType = text.plist.strings; name = en; path = en.lproj/InfoPlist.strings; sourceTree = "<group>"; };
		91FF72E5173C4193005D81B4 /* main.m */ = {isa = PBXFileReference; lastKnownFileType = sourcecode.c.objc; path = main.m; sourceTree = "<group>"; };
		91FF72E7173C4193005D81B4 /* Mexican-Tarot-Prefix.pch */ = {isa = PBXFileReference; lastKnownFileType = sourcecode.c.h; path = "Mexican-Tarot-Prefix.pch"; sourceTree = "<group>"; };
		91FF72E8173C4193005D81B4 /* AppDelegate.h */ = {isa = PBXFileReference; lastKnownFileType = sourcecode.c.h; path = AppDelegate.h; sourceTree = "<group>"; };
		91FF72E9173C4193005D81B4 /* AppDelegate.m */ = {isa = PBXFileReference; lastKnownFileType = sourcecode.c.objc; path = AppDelegate.m; sourceTree = "<group>"; };
		91FF72EB173C4193005D81B4 /* Default.png */ = {isa = PBXFileReference; lastKnownFileType = image.png; path = Default.png; sourceTree = "<group>"; };
		91FF72ED173C4193005D81B4 /* Default@2x.png */ = {isa = PBXFileReference; lastKnownFileType = image.png; path = "Default@2x.png"; sourceTree = "<group>"; };
		91FF72EF173C4193005D81B4 /* Default-568h@2x.png */ = {isa = PBXFileReference; lastKnownFileType = image.png; path = "Default-568h@2x.png"; sourceTree = "<group>"; };
		91FF72F2173C4193005D81B4 /* en */ = {isa = PBXFileReference; lastKnownFileType = file.storyboard; name = en; path = en.lproj/MainStoryboard.storyboard; sourceTree = "<group>"; };
		91FF72F4173C4193005D81B4 /* ViewController.h */ = {isa = PBXFileReference; lastKnownFileType = sourcecode.c.h; path = ViewController.h; sourceTree = "<group>"; };
		91FF72F5173C4193005D81B4 /* ViewController.m */ = {isa = PBXFileReference; lastKnownFileType = sourcecode.c.objc; path = ViewController.m; sourceTree = "<group>"; };
		91FF72FC173C4193005D81B4 /* Mexican-TarotTests.octest */ = {isa = PBXFileReference; explicitFileType = wrapper.cfbundle; includeInIndex = 0; path = "Mexican-TarotTests.octest"; sourceTree = BUILT_PRODUCTS_DIR; };
		91FF72FD173C4193005D81B4 /* SenTestingKit.framework */ = {isa = PBXFileReference; lastKnownFileType = wrapper.framework; name = SenTestingKit.framework; path = Library/Frameworks/SenTestingKit.framework; sourceTree = DEVELOPER_DIR; };
		91FF7305173C4193005D81B4 /* Mexican-TarotTests-Info.plist */ = {isa = PBXFileReference; lastKnownFileType = text.plist.xml; path = "Mexican-TarotTests-Info.plist"; sourceTree = "<group>"; };
		91FF7307173C4193005D81B4 /* en */ = {isa = PBXFileReference; lastKnownFileType = text.plist.strings; name = en; path = en.lproj/InfoPlist.strings; sourceTree = "<group>"; };
		91FF7309173C4193005D81B4 /* Mexican_TarotTests.h */ = {isa = PBXFileReference; lastKnownFileType = sourcecode.c.h; path = Mexican_TarotTests.h; sourceTree = "<group>"; };
		91FF730A173C4193005D81B4 /* Mexican_TarotTests.m */ = {isa = PBXFileReference; lastKnownFileType = sourcecode.c.objc; path = Mexican_TarotTests.m; sourceTree = "<group>"; };
/* End PBXFileReference section */

/* Begin PBXFrameworksBuildPhase section */
		91FF72D2173C4193005D81B4 /* Frameworks */ = {
			isa = PBXFrameworksBuildPhase;
			buildActionMask = 2147483647;
			files = (
				91FF72DA173C4193005D81B4 /* UIKit.framework in Frameworks */,
				91FF72DC173C4193005D81B4 /* Foundation.framework in Frameworks */,
				91FF72DE173C4193005D81B4 /* CoreGraphics.framework in Frameworks */,
			);
			runOnlyForDeploymentPostprocessing = 0;
		};
		91FF72F8173C4193005D81B4 /* Frameworks */ = {
			isa = PBXFrameworksBuildPhase;
			buildActionMask = 2147483647;
			files = (
				91FF72FE173C4193005D81B4 /* SenTestingKit.framework in Frameworks */,
				91FF72FF173C4193005D81B4 /* UIKit.framework in Frameworks */,
				91FF7300173C4193005D81B4 /* Foundation.framework in Frameworks */,
			);
			runOnlyForDeploymentPostprocessing = 0;
		};
/* End PBXFrameworksBuildPhase section */

/* Begin PBXGroup section */
		91775F6F1752BBEC0051293B /* Resources */ = {
			isa = PBXGroup;
			children = (
				91775F721752C2120051293B /* grey-card.png */,
				91FD73511757ECDB00EC7A82 /* jeudecartes */,
				9127886D1752C67000D3C050 /* asdecoeur.jpeg */,
				91775F701752BC0E0051293B /* 100px-Card_back.png */,
			);
			name = Resources;
			sourceTree = "<group>";
		};
		91FD73511757ECDB00EC7A82 /* jeudecartes */ = {
			isa = PBXGroup;
			children = (
				91FD73521757ECDB00EC7A82 /* 1.png */,
				91FD73531757ECDB00EC7A82 /* 10.png */,
				91FD73541757ECDB00EC7A82 /* 11.png */,
				91FD73551757ECDB00EC7A82 /* 12.png */,
				91FD73561757ECDB00EC7A82 /* 13.png */,
				91FD73571757ECDB00EC7A82 /* 14.png */,
				91FD73581757ECDB00EC7A82 /* 15.png */,
				91FD73591757ECDB00EC7A82 /* 16.png */,
				91FD735A1757ECDB00EC7A82 /* 17.png */,
				91FD735B1757ECDB00EC7A82 /* 18.png */,
				91FD735C1757ECDB00EC7A82 /* 19.png */,
				91FD735D1757ECDB00EC7A82 /* 2.png */,
				91FD735E1757ECDB00EC7A82 /* 20.png */,
				91FD735F1757ECDB00EC7A82 /* 21.png */,
				91FD73601757ECDB00EC7A82 /* 22.png */,
				91FD73611757ECDB00EC7A82 /* 23.png */,
				91FD73621757ECDB00EC7A82 /* 24.png */,
				91FD73631757ECDB00EC7A82 /* 25.png */,
				91FD73641757ECDB00EC7A82 /* 26.png */,
				91FD73651757ECDB00EC7A82 /* 27.png */,
				91FD73661757ECDB00EC7A82 /* 28.png */,
				91FD73671757ECDB00EC7A82 /* 29.png */,
				91FD73681757ECDB00EC7A82 /* 3.png */,
				91FD73691757ECDB00EC7A82 /* 30.png */,
				91FD736A1757ECDB00EC7A82 /* 31.png */,
				91FD736B1757ECDB00EC7A82 /* 32.png */,
				91FD736C1757ECDB00EC7A82 /* 33.png */,
				91FD736D1757ECDB00EC7A82 /* 34.png */,
				91FD736E1757ECDB00EC7A82 /* 35.png */,
				91FD736F1757ECDB00EC7A82 /* 36.png */,
				91FD73701757ECDB00EC7A82 /* 37.png */,
				91FD73711757ECDB00EC7A82 /* 38.png */,
				91FD73721757ECDB00EC7A82 /* 39.png */,
				91FD73731757ECDB00EC7A82 /* 4.png */,
				91FD73741757ECDB00EC7A82 /* 40.png */,
				91FD73751757ECDB00EC7A82 /* 41.png */,
				91FD73761757ECDB00EC7A82 /* 42.png */,
				91FD73771757ECDB00EC7A82 /* 43.png */,
				91FD73781757ECDB00EC7A82 /* 44.png */,
				91FD73791757ECDB00EC7A82 /* 45.png */,
				91FD737A1757ECDB00EC7A82 /* 46.png */,
				91FD737B1757ECDB00EC7A82 /* 47.png */,
				91FD737C1757ECDB00EC7A82 /* 48.png */,
				91FD737D1757ECDB00EC7A82 /* 49.png */,
				91FD737E1757ECDB00EC7A82 /* 5.png */,
				91FD737F1757ECDB00EC7A82 /* 50.png */,
				91FD73801757ECDB00EC7A82 /* 51.png */,
				91FD73811757ECDB00EC7A82 /* 52.png */,
				91FD73821757ECDB00EC7A82 /* 6.png */,
				91FD73831757ECDB00EC7A82 /* 7.png */,
				91FD73841757ECDB00EC7A82 /* 8.png */,
				91FD73851757ECDB00EC7A82 /* 9.png */,
			);
			name = jeudecartes;
			path = "Jeu de cartes ";
			sourceTree = "<group>";
		};
		91FF72CA173C4193005D81B4 = {
			isa = PBXGroup;
			children = (
				91775F6F1752BBEC0051293B /* Resources */,
				91FF72DF173C4193005D81B4 /* Mexican-Tarot */,
				91FF7303173C4193005D81B4 /* Mexican-TarotTests */,
				91FF72D8173C4193005D81B4 /* Frameworks */,
				91FF72D6173C4193005D81B4 /* Products */,
			);
			sourceTree = "<group>";
		};
		91FF72D6173C4193005D81B4 /* Products */ = {
			isa = PBXGroup;
			children = (
				91FF72D5173C4193005D81B4 /* Mexican-Tarot.app */,
				91FF72FC173C4193005D81B4 /* Mexican-TarotTests.octest */,
			);
			name = Products;
			sourceTree = "<group>";
		};
		91FF72D8173C4193005D81B4 /* Frameworks */ = {
			isa = PBXGroup;
			children = (
				91FF72D9173C4193005D81B4 /* UIKit.framework */,
				91FF72DB173C4193005D81B4 /* Foundation.framework */,
				91FF72DD173C4193005D81B4 /* CoreGraphics.framework */,
				91FF72FD173C4193005D81B4 /* SenTestingKit.framework */,
			);
			name = Frameworks;
			sourceTree = "<group>";
		};
		91FF72DF173C4193005D81B4 /* Mexican-Tarot */ = {
			isa = PBXGroup;
			children = (
				91FF72E8173C4193005D81B4 /* AppDelegate.h */,
				91FF72E9173C4193005D81B4 /* AppDelegate.m */,
				91FF72F1173C4193005D81B4 /* MainStoryboard.storyboard */,
				91FF72F4173C4193005D81B4 /* ViewController.h */,
				91FF72F5173C4193005D81B4 /* ViewController.m */,
				914D0C0A1746A6190070030B /* Stack.h */,
				914D0C0B1746A6190070030B /* Stack.m */,
				91775F6B17523C7A0051293B /* Card.h */,
				91775F6C17523C7A0051293B /* Card.m */,
				91FF72E0173C4193005D81B4 /* Supporting Files */,
			);
			path = "Mexican-Tarot";
			sourceTree = "<group>";
		};
		91FF72E0173C4193005D81B4 /* Supporting Files */ = {
			isa = PBXGroup;
			children = (
				91FF72E1173C4193005D81B4 /* Mexican-Tarot-Info.plist */,
				91FF72E2173C4193005D81B4 /* InfoPlist.strings */,
				91FF72E5173C4193005D81B4 /* main.m */,
				91FF72E7173C4193005D81B4 /* Mexican-Tarot-Prefix.pch */,
				91FF72EB173C4193005D81B4 /* Default.png */,
				91FF72ED173C4193005D81B4 /* Default@2x.png */,
				91FF72EF173C4193005D81B4 /* Default-568h@2x.png */,
			);
			name = "Supporting Files";
			sourceTree = "<group>";
		};
		91FF7303173C4193005D81B4 /* Mexican-TarotTests */ = {
			isa = PBXGroup;
			children = (
				91FF7309173C4193005D81B4 /* Mexican_TarotTests.h */,
				91FF730A173C4193005D81B4 /* Mexican_TarotTests.m */,
				91FF7304173C4193005D81B4 /* Supporting Files */,
			);
			path = "Mexican-TarotTests";
			sourceTree = "<group>";
		};
		91FF7304173C4193005D81B4 /* Supporting Files */ = {
			isa = PBXGroup;
			children = (
				91FF7305173C4193005D81B4 /* Mexican-TarotTests-Info.plist */,
				91FF7306173C4193005D81B4 /* InfoPlist.strings */,
			);
			name = "Supporting Files";
			sourceTree = "<group>";
		};
/* End PBXGroup section */

/* Begin PBXNativeTarget section */
		91FF72D4173C4193005D81B4 /* Mexican-Tarot */ = {
			isa = PBXNativeTarget;
			buildConfigurationList = 91FF730E173C4193005D81B4 /* Build configuration list for PBXNativeTarget "Mexican-Tarot" */;
			buildPhases = (
				91FF72D1173C4193005D81B4 /* Sources */,
				91FF72D2173C4193005D81B4 /* Frameworks */,
				91FF72D3173C4193005D81B4 /* Resources */,
			);
			buildRules = (
			);
			dependencies = (
			);
			name = "Mexican-Tarot";
			productName = "Mexican-Tarot";
			productReference = 91FF72D5173C4193005D81B4 /* Mexican-Tarot.app */;
			productType = "com.apple.product-type.application";
		};
		91FF72FB173C4193005D81B4 /* Mexican-TarotTests */ = {
			isa = PBXNativeTarget;
			buildConfigurationList = 91FF7311173C4193005D81B4 /* Build configuration list for PBXNativeTarget "Mexican-TarotTests" */;
			buildPhases = (
				91FF72F7173C4193005D81B4 /* Sources */,
				91FF72F8173C4193005D81B4 /* Frameworks */,
				91FF72F9173C4193005D81B4 /* Resources */,
				91FF72FA173C4193005D81B4 /* ShellScript */,
			);
			buildRules = (
			);
			dependencies = (
				91FF7302173C4193005D81B4 /* PBXTargetDependency */,
			);
			name = "Mexican-TarotTests";
			productName = "Mexican-TarotTests";
			productReference = 91FF72FC173C4193005D81B4 /* Mexican-TarotTests.octest */;
			productType = "com.apple.product-type.bundle";
		};
/* End PBXNativeTarget section */

/* Begin PBXProject section */
		91FF72CC173C4193005D81B4 /* Project object */ = {
			isa = PBXProject;
			attributes = {
				LastUpgradeCheck = 0500;
				ORGANIZATIONNAME = Poilon;
			};
			buildConfigurationList = 91FF72CF173C4193005D81B4 /* Build configuration list for PBXProject "Mexican-Tarot" */;
			compatibilityVersion = "Xcode 3.2";
			developmentRegion = English;
			hasScannedForEncodings = 0;
			knownRegions = (
				en,
			);
			mainGroup = 91FF72CA173C4193005D81B4;
			productRefGroup = 91FF72D6173C4193005D81B4 /* Products */;
			projectDirPath = "";
			projectRoot = "";
			targets = (
				91FF72D4173C4193005D81B4 /* Mexican-Tarot */,
				91FF72FB173C4193005D81B4 /* Mexican-TarotTests */,
			);
		};
/* End PBXProject section */

/* Begin PBXResourcesBuildPhase section */
		91FF72D3173C4193005D81B4 /* Resources */ = {
			isa = PBXResourcesBuildPhase;
			buildActionMask = 2147483647;
			files = (
				91FF72E4173C4193005D81B4 /* InfoPlist.strings in Resources */,
				91FF72EC173C4193005D81B4 /* Default.png in Resources */,
				91FF72EE173C4193005D81B4 /* Default@2x.png in Resources */,
				91FF72F0173C4193005D81B4 /* Default-568h@2x.png in Resources */,
				91FF72F3173C4193005D81B4 /* MainStoryboard.storyboard in Resources */,
				91775F711752BC0E0051293B /* 100px-Card_back.png in Resources */,
				91775F731752C2120051293B /* grey-card.png in Resources */,
				9127886E1752C67000D3C050 /* asdecoeur.jpeg in Resources */,
				91FD73861757ECDB00EC7A82 /* 1.png in Resources */,
				91FD73871757ECDB00EC7A82 /* 10.png in Resources */,
				91FD73881757ECDB00EC7A82 /* 11.png in Resources */,
				91FD73891757ECDB00EC7A82 /* 12.png in Resources */,
				91FD738A1757ECDB00EC7A82 /* 13.png in Resources */,
				91FD738B1757ECDB00EC7A82 /* 14.png in Resources */,
				91FD738C1757ECDB00EC7A82 /* 15.png in Resources */,
				91FD738D1757ECDB00EC7A82 /* 16.png in Resources */,
				91FD738E1757ECDB00EC7A82 /* 17.png in Resources */,
				91FD738F1757ECDB00EC7A82 /* 18.png in Resources */,
				91FD73901757ECDB00EC7A82 /* 19.png in Resources */,
				91FD73911757ECDB00EC7A82 /* 2.png in Resources */,
				91FD73921757ECDB00EC7A82 /* 20.png in Resources */,
				91FD73931757ECDB00EC7A82 /* 21.png in Resources */,
				91FD73941757ECDB00EC7A82 /* 22.png in Resources */,
				91FD73951757ECDB00EC7A82 /* 23.png in Resources */,
				91FD73961757ECDB00EC7A82 /* 24.png in Resources */,
				91FD73971757ECDB00EC7A82 /* 25.png in Resources */,
				91FD73981757ECDB00EC7A82 /* 26.png in Resources */,
				91FD73991757ECDB00EC7A82 /* 27.png in Resources */,
				91FD739A1757ECDB00EC7A82 /* 28.png in Resources */,
				91FD739B1757ECDB00EC7A82 /* 29.png in Resources */,
				91FD739C1757ECDB00EC7A82 /* 3.png in Resources */,
				91FD739D1757ECDB00EC7A82 /* 30.png in Resources */,
				91FD739E1757ECDB00EC7A82 /* 31.png in Resources */,
				91FD739F1757ECDB00EC7A82 /* 32.png in Resources */,
				91FD73A01757ECDB00EC7A82 /* 33.png in Resources */,
				91FD73A11757ECDB00EC7A82 /* 34.png in Resources */,
				91FD73A21757ECDB00EC7A82 /* 35.png in Resources */,
				91FD73A31757ECDB00EC7A82 /* 36.png in Resources */,
				91FD73A41757ECDB00EC7A82 /* 37.png in Resources */,
				91FD73A51757ECDB00EC7A82 /* 38.png in Resources */,
				91FD73A61757ECDB00EC7A82 /* 39.png in Resources */,
				91FD73A71757ECDB00EC7A82 /* 4.png in Resources */,
				91FD73A81757ECDB00EC7A82 /* 40.png in Resources */,
				91FD73A91757ECDB00EC7A82 /* 41.png in Resources */,
				91FD73AA1757ECDB00EC7A82 /* 42.png in Resources */,
				91FD73AB1757ECDB00EC7A82 /* 43.png in Resources */,
				91FD73AC1757ECDB00EC7A82 /* 44.png in Resources */,
				91FD73AD1757ECDB00EC7A82 /* 45.png in Resources */,
				91FD73AE1757ECDB00EC7A82 /* 46.png in Resources */,
				91FD73AF1757ECDB00EC7A82 /* 47.png in Resources */,
				91FD73B01757ECDB00EC7A82 /* 48.png in Resources */,
				91FD73B11757ECDB00EC7A82 /* 49.png in Resources */,
				91FD73B21757ECDB00EC7A82 /* 5.png in Resources */,
				91FD73B31757ECDB00EC7A82 /* 50.png in Resources */,
				91FD73B41757ECDB00EC7A82 /* 51.png in Resources */,
				91FD73B51757ECDB00EC7A82 /* 52.png in Resources */,
				91FD73B61757ECDB00EC7A82 /* 6.png in Resources */,
				91FD73B71757ECDB00EC7A82 /* 7.png in Resources */,
				91FD73B81757ECDB00EC7A82 /* 8.png in Resources */,
				91FD73B91757ECDB00EC7A82 /* 9.png in Resources */,
			);
			runOnlyForDeploymentPostprocessing = 0;
		};
		91FF72F9173C4193005D81B4 /* Resources */ = {
			isa = PBXResourcesBuildPhase;
			buildActionMask = 2147483647;
			files = (
				91FF7308173C4193005D81B4 /* InfoPlist.strings in Resources */,
			);
			runOnlyForDeploymentPostprocessing = 0;
		};
/* End PBXResourcesBuildPhase section */

/* Begin PBXShellScriptBuildPhase section */
		91FF72FA173C4193005D81B4 /* ShellScript */ = {
			isa = PBXShellScriptBuildPhase;
			buildActionMask = 2147483647;
			files = (
			);
			inputPaths = (
			);
			outputPaths = (
			);
			runOnlyForDeploymentPostprocessing = 0;
			shellPath = /bin/sh;
			shellScript = "# Run the unit tests in this test bundle.\n\"${SYSTEM_DEVELOPER_DIR}/Tools/RunUnitTests\"\n";
		};
/* End PBXShellScriptBuildPhase section */

/* Begin PBXSourcesBuildPhase section */
		91FF72D1173C4193005D81B4 /* Sources */ = {
			isa = PBXSourcesBuildPhase;
			buildActionMask = 2147483647;
			files = (
				91FF72E6173C4193005D81B4 /* main.m in Sources */,
				91FF72EA173C4193005D81B4 /* AppDelegate.m in Sources */,
				91FF72F6173C4193005D81B4 /* ViewController.m in Sources */,
				914D0C0C1746A6190070030B /* Stack.m in Sources */,
				91775F6D17523C7A0051293B /* Card.m in Sources */,
			);
			runOnlyForDeploymentPostprocessing = 0;
		};
		91FF72F7173C4193005D81B4 /* Sources */ = {
			isa = PBXSourcesBuildPhase;
			buildActionMask = 2147483647;
			files = (
				91FF730B173C4193005D81B4 /* Mexican_TarotTests.m in Sources */,
			);
			runOnlyForDeploymentPostprocessing = 0;
		};
/* End PBXSourcesBuildPhase section */

/* Begin PBXTargetDependency section */
		91FF7302173C4193005D81B4 /* PBXTargetDependency */ = {
			isa = PBXTargetDependency;
			target = 91FF72D4173C4193005D81B4 /* Mexican-Tarot */;
			targetProxy = 91FF7301173C4193005D81B4 /* PBXContainerItemProxy */;
		};
/* End PBXTargetDependency section */

/* Begin PBXVariantGroup section */
		91FF72E2173C4193005D81B4 /* InfoPlist.strings */ = {
			isa = PBXVariantGroup;
			children = (
				91FF72E3173C4193005D81B4 /* en */,
			);
			name = InfoPlist.strings;
			sourceTree = "<group>";
		};
		91FF72F1173C4193005D81B4 /* MainStoryboard.storyboard */ = {
			isa = PBXVariantGroup;
			children = (
				91FF72F2173C4193005D81B4 /* en */,
			);
			name = MainStoryboard.storyboard;
			sourceTree = "<group>";
		};
		91FF7306173C4193005D81B4 /* InfoPlist.strings */ = {
			isa = PBXVariantGroup;
			children = (
				91FF7307173C4193005D81B4 /* en */,
			);
			name = InfoPlist.strings;
			sourceTree = "<group>";
		};
/* End PBXVariantGroup section */

/* Begin XCBuildConfiguration section */
		91FF730C173C4193005D81B4 /* Debug */ = {
			isa = XCBuildConfiguration;
			buildSettings = {
				ALWAYS_SEARCH_USER_PATHS = NO;
				CLANG_CXX_LANGUAGE_STANDARD = "gnu++0x";
				CLANG_CXX_LIBRARY = "libc++";
				CLANG_ENABLE_OBJC_ARC = YES;
				CLANG_WARN_EMPTY_BODY = YES;
				CLANG_WARN__DUPLICATE_METHOD_MATCH = YES;
				"CODE_SIGN_IDENTITY[sdk=iphoneos*]" = "iPhone Developer";
				COPY_PHASE_STRIP = NO;
				GCC_C_LANGUAGE_STANDARD = gnu99;
				GCC_DYNAMIC_NO_PIC = NO;
				GCC_OPTIMIZATION_LEVEL = 0;
				GCC_PREPROCESSOR_DEFINITIONS = (
					"DEBUG=1",
					"$(inherited)",
				);
				GCC_SYMBOLS_PRIVATE_EXTERN = NO;
				GCC_WARN_ABOUT_RETURN_TYPE = YES;
				GCC_WARN_UNINITIALIZED_AUTOS = YES;
				GCC_WARN_UNUSED_VARIABLE = YES;
				IPHONEOS_DEPLOYMENT_TARGET = 7.0;
				ONLY_ACTIVE_ARCH = YES;
				SDKROOT = iphoneos;
			};
			name = Debug;
		};
		91FF730D173C4193005D81B4 /* Release */ = {
			isa = XCBuildConfiguration;
			buildSettings = {
				ALWAYS_SEARCH_USER_PATHS = NO;
				CLANG_CXX_LANGUAGE_STANDARD = "gnu++0x";
				CLANG_CXX_LIBRARY = "libc++";
				CLANG_ENABLE_OBJC_ARC = YES;
				CLANG_WARN_EMPTY_BODY = YES;
				CLANG_WARN__DUPLICATE_METHOD_MATCH = YES;
				"CODE_SIGN_IDENTITY[sdk=iphoneos*]" = "iPhone Developer";
				COPY_PHASE_STRIP = YES;
				GCC_C_LANGUAGE_STANDARD = gnu99;
				GCC_WARN_ABOUT_RETURN_TYPE = YES;
				GCC_WARN_UNINITIALIZED_AUTOS = YES;
				GCC_WARN_UNUSED_VARIABLE = YES;
				IPHONEOS_DEPLOYMENT_TARGET = 7.0;
				OTHER_CFLAGS = "-DNS_BLOCK_ASSERTIONS=1";
				SDKROOT = iphoneos;
				VALIDATE_PRODUCT = YES;
			};
			name = Release;
		};
		91FF730F173C4193005D81B4 /* Debug */ = {
			isa = XCBuildConfiguration;
			buildSettings = {
				GCC_PRECOMPILE_PREFIX_HEADER = YES;
				GCC_PREFIX_HEADER = "Mexican-Tarot/Mexican-Tarot-Prefix.pch";
				INFOPLIST_FILE = "Mexican-Tarot/Mexican-Tarot-Info.plist";
				PRODUCT_NAME = "$(TARGET_NAME)";
				WRAPPER_EXTENSION = app;
			};
			name = Debug;
		};
		91FF7310173C4193005D81B4 /* Release */ = {
			isa = XCBuildConfiguration;
			buildSettings = {
				GCC_PRECOMPILE_PREFIX_HEADER = YES;
				GCC_PREFIX_HEADER = "Mexican-Tarot/Mexican-Tarot-Prefix.pch";
				INFOPLIST_FILE = "Mexican-Tarot/Mexican-Tarot-Info.plist";
				PRODUCT_NAME = "$(TARGET_NAME)";
				WRAPPER_EXTENSION = app;
			};
			name = Release;
		};
		91FF7312173C4193005D81B4 /* Debug */ = {
			isa = XCBuildConfiguration;
			buildSettings = {
				BUNDLE_LOADER = "$(BUILT_PRODUCTS_DIR)/Mexican-Tarot.app/Mexican-Tarot";
				FRAMEWORK_SEARCH_PATHS = (
					"\"$(SDKROOT)/Developer/Library/Frameworks\"",
					"\"$(DEVELOPER_LIBRARY_DIR)/Frameworks\"",
				);
				GCC_PRECOMPILE_PREFIX_HEADER = YES;
				GCC_PREFIX_HEADER = "Mexican-Tarot/Mexican-Tarot-Prefix.pch";
				INFOPLIST_FILE = "Mexican-TarotTests/Mexican-TarotTests-Info.plist";
				PRODUCT_NAME = "$(TARGET_NAME)";
				TEST_HOST = "$(BUNDLE_LOADER)";
				WRAPPER_EXTENSION = octest;
			};
			name = Debug;
		};
		91FF7313173C4193005D81B4 /* Release */ = {
			isa = XCBuildConfiguration;
			buildSettings = {
				BUNDLE_LOADER = "$(BUILT_PRODUCTS_DIR)/Mexican-Tarot.app/Mexican-Tarot";
				FRAMEWORK_SEARCH_PATHS = (
					"\"$(SDKROOT)/Developer/Library/Frameworks\"",
					"\"$(DEVELOPER_LIBRARY_DIR)/Frameworks\"",
				);
				GCC_PRECOMPILE_PREFIX_HEADER = YES;
				GCC_PREFIX_HEADER = "Mexican-Tarot/Mexican-Tarot-Prefix.pch";
				INFOPLIST_FILE = "Mexican-TarotTests/Mexican-TarotTests-Info.plist";
				PRODUCT_NAME = "$(TARGET_NAME)";
				TEST_HOST = "$(BUNDLE_LOADER)";
				WRAPPER_EXTENSION = octest;
			};
			name = Release;
		};
/* End XCBuildConfiguration section */

/* Begin XCConfigurationList section */
		91FF72CF173C4193005D81B4 /* Build configuration list for PBXProject "Mexican-Tarot" */ = {
			isa = XCConfigurationList;
			buildConfigurations = (
				91FF730C173C4193005D81B4 /* Debug */,
				91FF730D173C4193005D81B4 /* Release */,
			);
			defaultConfigurationIsVisible = 0;
			defaultConfigurationName = Release;
		};
		91FF730E173C4193005D81B4 /* Build configuration list for PBXNativeTarget "Mexican-Tarot" */ = {
			isa = XCConfigurationList;
			buildConfigurations = (
				91FF730F173C4193005D81B4 /* Debug */,
				91FF7310173C4193005D81B4 /* Release */,
			);
			defaultConfigurationIsVisible = 0;
			defaultConfigurationName = Release;
		};
		91FF7311173C4193005D81B4 /* Build configuration list for PBXNativeTarget "Mexican-TarotTests" */ = {
			isa = XCConfigurationList;
			buildConfigurations = (
				91FF7312173C4193005D81B4 /* Debug */,
				91FF7313173C4193005D81B4 /* Release */,
			);
			defaultConfigurationIsVisible = 0;
			defaultConfigurationName = Release;
		};
/* End XCConfigurationList section */
	};
	rootObject = 91FF72CC173C4193005D81B4 /* Project object */;
}
